Microsoft Visual Studio Solution File, Format Version 12.00
# Visual Studio Version 18
VisualStudioVersion = 18.6.11806.211
MinimumVisualStudioVersion = 10.0.40219.1
Project("{2150E333-8FDC-42A3-9474-1A3956D46DE8}") = "04.SERVIDOR", "04.SERVIDOR", "{9FBEA2C7-4C38-4808-8F44-3066DA7A58AA}"
EndProject
Project("{2150E333-8FDC-42A3-9474-1A3956D46DE8}") = "04.CLICON", "04.CLICON", "{4E9BBA3C-9A52-4B34-9C55-91351786F68E}"
EndProject
Project("{FAE04EC0-301F-11D3-BF4B-00C04F79EFBC}") = "EB_DOTNET_REST_CliCon", "04.CLICON\EB_DOTNET_REST_CliCon\EB_DOTNET_REST_CliCon.csproj", "{A18C7E70-3D5B-2669-1AE7-223AD0DC2DC2}"
EndProject
Project("{FAE04EC0-301F-11D3-BF4B-00C04F79EFBC}") = "WS_EB_DOTNET_REST_Servidor", "04.SERVIDOR\WS_EB_DOTNET_REST_Servidor\WS_EB_DOTNET_REST_Servidor.csproj", "{91888071-0632-CD93-AB5D-5134EBAF2BC8}"
EndProject
Global
	GlobalSection(SolutionConfigurationPlatforms) = preSolution
		Debug|Any CPU = Debug|Any CPU
		Release|Any CPU = Release|Any CPU
	EndGlobalSection
	GlobalSection(ProjectConfigurationPlatforms) = postSolution
		{A18C7E70-3D5B-2669-1AE7-223AD0DC2DC2}.Debug|Any CPU.ActiveCfg = Debug|Any CPU
		{A18C7E70-3D5B-2669-1AE7-223AD0DC2DC2}.Debug|Any CPU.Build.0 = Debug|Any CPU
		{A18C7E70-3D5B-2669-1AE7-223AD0DC2DC2}.Release|Any CPU.ActiveCfg = Release|Any CPU
		{A18C7E70-3D5B-2669-1AE7-223AD0DC2DC2}.Release|Any CPU.Build.0 = Release|Any CPU
		{91888071-0632-CD93-AB5D-5134EBAF2BC8}.Debug|Any CPU.ActiveCfg = Debug|Any CPU
		{91888071-0632-CD93-AB5D-5134EBAF2BC8}.Debug|Any CPU.Build.0 = Debug|Any CPU
		{91888071-0632-CD93-AB5D-5134EBAF2BC8}.Release|Any CPU.ActiveCfg = Release|Any CPU
		{91888071-0632-CD93-AB5D-5134EBAF2BC8}.Release|Any CPU.Build.0 = Release|Any CPU
	EndGlobalSection
	GlobalSection(SolutionProperties) = preSolution
		HideSolutionNode = FALSE
	EndGlobalSection
	GlobalSection(NestedProjects) = preSolution
		{A18C7E70-3D5B-2669-1AE7-223AD0DC2DC2} = {4E9BBA3C-9A52-4B34-9C55-91351786F68E}
		{91888071-0632-CD93-AB5D-5134EBAF2BC8} = {9FBEA2C7-4C38-4808-8F44-3066DA7A58AA}
	EndGlobalSection
	GlobalSection(ExtensibilityGlobals) = postSolution
		SolutionGuid = {C7F7636F-A5FF-48A4-B39C-41B716DF159E}
	EndGlobalSection
EndGlobal
